
Microsoft Visual Studio Solution File, Format Version 12.00
Project("{2150E333-8FDC-42A3-9474-1A3956D46DE8}") = "Runnable", "Runnable", "{FBB25CBE-7CEB-4DB5-A1F6-A25699682975}"
EndProject
Project("{FAE04EC0-301F-11D3-BF4B-00C04F79EFBC}") = "Runnable.API", "Runnable.API\Runnable.API.csproj", "{A43B5516-8E71-4B72-A748-3230BA1765F1}"
EndProject
Project("{2150E333-8FDC-42A3-9474-1A3956D46DE8}") = "DAL", "DAL", "{50B71979-073A-48E2-8A50-F97807A69D90}"
EndProject
Project("{FAE04EC0-301F-11D3-BF4B-00C04F79EFBC}") = "DAL.Core", "DAL.Core\DAL.Core.csproj", "{E0BC4A78-A7BE-43AF-80A1-BC4F48291FAF}"
EndProject
Project("{FAE04EC0-301F-11D3-BF4B-00C04F79EFBC}") = "DAL.SqlServer", "DAL.SqlServer\DAL.SqlServer.csproj", "{BB95A276-390A-4B6D-8292-72A63471299F}"
EndProject
Global
	GlobalSection(SolutionConfigurationPlatforms) = preSolution
		Debug|Any CPU = Debug|Any CPU
		Release|Any CPU = Release|Any CPU
	EndGlobalSection
	GlobalSection(NestedProjects) = preSolution
		{A43B5516-8E71-4B72-A748-3230BA1765F1} = {FBB25CBE-7CEB-4DB5-A1F6-A25699682975}
		{E0BC4A78-A7BE-43AF-80A1-BC4F48291FAF} = {50B71979-073A-48E2-8A50-F97807A69D90}
		{BB95A276-390A-4B6D-8292-72A63471299F} = {50B71979-073A-48E2-8A50-F97807A69D90}
	EndGlobalSection
	GlobalSection(ProjectConfigurationPlatforms) = postSolution
		{A43B5516-8E71-4B72-A748-3230BA1765F1}.Debug|Any CPU.ActiveCfg = Debug|Any CPU
		{A43B5516-8E71-4B72-A748-3230BA1765F1}.Debug|Any CPU.Build.0 = Debug|Any CPU
		{A43B5516-8E71-4B72-A748-3230BA1765F1}.Release|Any CPU.ActiveCfg = Release|Any CPU
		{A43B5516-8E71-4B72-A748-3230BA1765F1}.Release|Any CPU.Build.0 = Release|Any CPU
		{E0BC4A78-A7BE-43AF-80A1-BC4F48291FAF}.Debug|Any CPU.ActiveCfg = Debug|Any CPU
		{E0BC4A78-A7BE-43AF-80A1-BC4F48291FAF}.Debug|Any CPU.Build.0 = Debug|Any CPU
		{E0BC4A78-A7BE-43AF-80A1-BC4F48291FAF}.Release|Any CPU.ActiveCfg = Release|Any CPU
		{E0BC4A78-A7BE-43AF-80A1-BC4F48291FAF}.Release|Any CPU.Build.0 = Release|Any CPU
		{BB95A276-390A-4B6D-8292-72A63471299F}.Debug|Any CPU.ActiveCfg = Debug|Any CPU
		{BB95A276-390A-4B6D-8292-72A63471299F}.Debug|Any CPU.Build.0 = Debug|Any CPU
		{BB95A276-390A-4B6D-8292-72A63471299F}.Release|Any CPU.ActiveCfg = Release|Any CPU
		{BB95A276-390A-4B6D-8292-72A63471299F}.Release|Any CPU.Build.0 = Release|Any CPU
	EndGlobalSection
EndGlobal
