
Microsoft Visual Studio Solution File, Format Version 12.00
Project("{2150E333-8FDC-42A3-9474-1A3956D46DE8}") = "Runnable", "Runnable", "{FBB25CBE-7CEB-4DB5-A1F6-A25699682975}"
EndProject
Project("{FAE04EC0-301F-11D3-BF4B-00C04F79EFBC}") = "Runnable.API", "Runnable.API\Runnable.API.csproj", "{A43B5516-8E71-4B72-A748-3230BA1765F1}"
EndProject
Project("{2150E333-8FDC-42A3-9474-1A3956D46DE8}") = "DAL", "DAL", "{50B71979-073A-48E2-8A50-F97807A69D90}"
EndProject
Project("{FAE04EC0-301F-11D3-BF4B-00C04F79EFBC}") = "DAL.Core", "DAL.Core\DAL.Core.csproj", "{E0BC4A78-A7BE-43AF-80A1-BC4F48291FAF}"
EndProject
Project("{FAE04EC0-301F-11D3-BF4B-00C04F79EFBC}") = "DAL.SqlServer", "DAL.SqlServer\DAL.SqlServer.csproj", "{BB95A276-390A-4B6D-8292-72A63471299F}"
EndProject
Project("{2150E333-8FDC-42A3-9474-1A3956D46DE8}") = "BL", "BL", "{2DBC82A3-FC3D-47BF-9A0F-F02A21DC817E}"
EndProject
Project("{FAE04EC0-301F-11D3-BF4B-00C04F79EFBC}") = "BL.Core", "BL.Core\BL.Core.csproj", "{BADC38A7-28BB-4FFE-8917-4935E4751E20}"
EndProject
Project("{2150E333-8FDC-42A3-9474-1A3956D46DE8}") = "Domain", "Domain", "{0AB7FCEF-0AB5-408B-989A-968EE137F511}"
EndProject
Project("{FAE04EC0-301F-11D3-BF4B-00C04F79EFBC}") = "Domain.Identity", "Domain.Identity\Domain.Identity.csproj", "{5DBB1233-12B5-43F2-B3F1-42E17EDF4B00}"
EndProject
Project("{FAE04EC0-301F-11D3-BF4B-00C04F79EFBC}") = "Domain.App", "Domain.App\Domain.App.csproj", "{8FAECF88-3555-46E6-9890-473073DFDE69}"
EndProject
Project("{FAE04EC0-301F-11D3-BF4B-00C04F79EFBC}") = "BL.Gpx", "BL.Gpx\BL.Gpx.csproj", "{FF97213D-F4F8-4239-9181-9BE80DECA950}"
EndProject
Project("{FAE04EC0-301F-11D3-BF4B-00C04F79EFBC}") = "BL.API", "BL.API\BL.API.csproj", "{C2BC9D79-087E-4C1E-B5E7-2C4132E70352}"
EndProject
Project("{FAE04EC0-301F-11D3-BF4B-00C04F79EFBC}") = "BL.Identity", "BL.Identity\BL.Identity.csproj", "{546AEB7B-ADD7-4428-9A4D-EB563F9589E4}"
EndProject
Project("{2150E333-8FDC-42A3-9474-1A3956D46DE8}") = "BL.Crawler", "BL.Crawler", "{0EA25D4A-510C-49CF-A9DC-0B99B7C94CB0}"
EndProject
Project("{FAE04EC0-301F-11D3-BF4B-00C04F79EFBC}") = "BL.Crawler.Core", "BL.Crawler.Core\BL.Crawler.Core.csproj", "{1C300849-406C-47D9-A6F1-60170E9821E3}"
EndProject
Project("{FAE04EC0-301F-11D3-BF4B-00C04F79EFBC}") = "BL.Crawler.EuroVeloBelgiumCrawler", "BL.Crawler.EuroVeloBelgiumCrawler\BL.Crawler.EuroVeloBelgiumCrawler.csproj", "{8B7F3BC2-9A75-4699-8C4B-00EE7F2B7FB4}"
EndProject
Global
	GlobalSection(SolutionConfigurationPlatforms) = preSolution
		Debug|Any CPU = Debug|Any CPU
		Debug|x64 = Debug|x64
		Debug|x86 = Debug|x86
		Release|Any CPU = Release|Any CPU
		Release|x64 = Release|x64
		Release|x86 = Release|x86
	EndGlobalSection
	GlobalSection(ProjectConfigurationPlatforms) = postSolution
		{A43B5516-8E71-4B72-A748-3230BA1765F1}.Debug|Any CPU.ActiveCfg = Debug|Any CPU
		{A43B5516-8E71-4B72-A748-3230BA1765F1}.Debug|Any CPU.Build.0 = Debug|Any CPU
		{A43B5516-8E71-4B72-A748-3230BA1765F1}.Debug|x64.ActiveCfg = Debug|Any CPU
		{A43B5516-8E71-4B72-A748-3230BA1765F1}.Debug|x64.Build.0 = Debug|Any CPU
		{A43B5516-8E71-4B72-A748-3230BA1765F1}.Debug|x86.ActiveCfg = Debug|Any CPU
		{A43B5516-8E71-4B72-A748-3230BA1765F1}.Debug|x86.Build.0 = Debug|Any CPU
		{A43B5516-8E71-4B72-A748-3230BA1765F1}.Release|Any CPU.ActiveCfg = Release|Any CPU
		{A43B5516-8E71-4B72-A748-3230BA1765F1}.Release|Any CPU.Build.0 = Release|Any CPU
		{A43B5516-8E71-4B72-A748-3230BA1765F1}.Release|x64.ActiveCfg = Release|Any CPU
		{A43B5516-8E71-4B72-A748-3230BA1765F1}.Release|x64.Build.0 = Release|Any CPU
		{A43B5516-8E71-4B72-A748-3230BA1765F1}.Release|x86.ActiveCfg = Release|Any CPU
		{A43B5516-8E71-4B72-A748-3230BA1765F1}.Release|x86.Build.0 = Release|Any CPU
		{E0BC4A78-A7BE-43AF-80A1-BC4F48291FAF}.Debug|Any CPU.ActiveCfg = Debug|Any CPU
		{E0BC4A78-A7BE-43AF-80A1-BC4F48291FAF}.Debug|Any CPU.Build.0 = Debug|Any CPU
		{E0BC4A78-A7BE-43AF-80A1-BC4F48291FAF}.Debug|x64.ActiveCfg = Debug|Any CPU
		{E0BC4A78-A7BE-43AF-80A1-BC4F48291FAF}.Debug|x64.Build.0 = Debug|Any CPU
		{E0BC4A78-A7BE-43AF-80A1-BC4F48291FAF}.Debug|x86.ActiveCfg = Debug|Any CPU
		{E0BC4A78-A7BE-43AF-80A1-BC4F48291FAF}.Debug|x86.Build.0 = Debug|Any CPU
		{E0BC4A78-A7BE-43AF-80A1-BC4F48291FAF}.Release|Any CPU.ActiveCfg = Release|Any CPU
		{E0BC4A78-A7BE-43AF-80A1-BC4F48291FAF}.Release|Any CPU.Build.0 = Release|Any CPU
		{E0BC4A78-A7BE-43AF-80A1-BC4F48291FAF}.Release|x64.ActiveCfg = Release|Any CPU
		{E0BC4A78-A7BE-43AF-80A1-BC4F48291FAF}.Release|x64.Build.0 = Release|Any CPU
		{E0BC4A78-A7BE-43AF-80A1-BC4F48291FAF}.Release|x86.ActiveCfg = Release|Any CPU
		{E0BC4A78-A7BE-43AF-80A1-BC4F48291FAF}.Release|x86.Build.0 = Release|Any CPU
		{BB95A276-390A-4B6D-8292-72A63471299F}.Debug|Any CPU.ActiveCfg = Debug|Any CPU
		{BB95A276-390A-4B6D-8292-72A63471299F}.Debug|Any CPU.Build.0 = Debug|Any CPU
		{BB95A276-390A-4B6D-8292-72A63471299F}.Debug|x64.ActiveCfg = Debug|Any CPU
		{BB95A276-390A-4B6D-8292-72A63471299F}.Debug|x64.Build.0 = Debug|Any CPU
		{BB95A276-390A-4B6D-8292-72A63471299F}.Debug|x86.ActiveCfg = Debug|Any CPU
		{BB95A276-390A-4B6D-8292-72A63471299F}.Debug|x86.Build.0 = Debug|Any CPU
		{BB95A276-390A-4B6D-8292-72A63471299F}.Release|Any CPU.ActiveCfg = Release|Any CPU
		{BB95A276-390A-4B6D-8292-72A63471299F}.Release|Any CPU.Build.0 = Release|Any CPU
		{BB95A276-390A-4B6D-8292-72A63471299F}.Release|x64.ActiveCfg = Release|Any CPU
		{BB95A276-390A-4B6D-8292-72A63471299F}.Release|x64.Build.0 = Release|Any CPU
		{BB95A276-390A-4B6D-8292-72A63471299F}.Release|x86.ActiveCfg = Release|Any CPU
		{BB95A276-390A-4B6D-8292-72A63471299F}.Release|x86.Build.0 = Release|Any CPU
		{BADC38A7-28BB-4FFE-8917-4935E4751E20}.Debug|Any CPU.ActiveCfg = Debug|Any CPU
		{BADC38A7-28BB-4FFE-8917-4935E4751E20}.Debug|Any CPU.Build.0 = Debug|Any CPU
		{BADC38A7-28BB-4FFE-8917-4935E4751E20}.Debug|x64.ActiveCfg = Debug|Any CPU
		{BADC38A7-28BB-4FFE-8917-4935E4751E20}.Debug|x64.Build.0 = Debug|Any CPU
		{BADC38A7-28BB-4FFE-8917-4935E4751E20}.Debug|x86.ActiveCfg = Debug|Any CPU
		{BADC38A7-28BB-4FFE-8917-4935E4751E20}.Debug|x86.Build.0 = Debug|Any CPU
		{BADC38A7-28BB-4FFE-8917-4935E4751E20}.Release|Any CPU.ActiveCfg = Release|Any CPU
		{BADC38A7-28BB-4FFE-8917-4935E4751E20}.Release|Any CPU.Build.0 = Release|Any CPU
		{BADC38A7-28BB-4FFE-8917-4935E4751E20}.Release|x64.ActiveCfg = Release|Any CPU
		{BADC38A7-28BB-4FFE-8917-4935E4751E20}.Release|x64.Build.0 = Release|Any CPU
		{BADC38A7-28BB-4FFE-8917-4935E4751E20}.Release|x86.ActiveCfg = Release|Any CPU
		{BADC38A7-28BB-4FFE-8917-4935E4751E20}.Release|x86.Build.0 = Release|Any CPU
		{5DBB1233-12B5-43F2-B3F1-42E17EDF4B00}.Debug|Any CPU.ActiveCfg = Debug|Any CPU
		{5DBB1233-12B5-43F2-B3F1-42E17EDF4B00}.Debug|Any CPU.Build.0 = Debug|Any CPU
		{5DBB1233-12B5-43F2-B3F1-42E17EDF4B00}.Debug|x64.ActiveCfg = Debug|Any CPU
		{5DBB1233-12B5-43F2-B3F1-42E17EDF4B00}.Debug|x64.Build.0 = Debug|Any CPU
		{5DBB1233-12B5-43F2-B3F1-42E17EDF4B00}.Debug|x86.ActiveCfg = Debug|Any CPU
		{5DBB1233-12B5-43F2-B3F1-42E17EDF4B00}.Debug|x86.Build.0 = Debug|Any CPU
		{5DBB1233-12B5-43F2-B3F1-42E17EDF4B00}.Release|Any CPU.ActiveCfg = Release|Any CPU
		{5DBB1233-12B5-43F2-B3F1-42E17EDF4B00}.Release|Any CPU.Build.0 = Release|Any CPU
		{5DBB1233-12B5-43F2-B3F1-42E17EDF4B00}.Release|x64.ActiveCfg = Release|Any CPU
		{5DBB1233-12B5-43F2-B3F1-42E17EDF4B00}.Release|x64.Build.0 = Release|Any CPU
		{5DBB1233-12B5-43F2-B3F1-42E17EDF4B00}.Release|x86.ActiveCfg = Release|Any CPU
		{5DBB1233-12B5-43F2-B3F1-42E17EDF4B00}.Release|x86.Build.0 = Release|Any CPU
		{8FAECF88-3555-46E6-9890-473073DFDE69}.Debug|Any CPU.ActiveCfg = Debug|Any CPU
		{8FAECF88-3555-46E6-9890-473073DFDE69}.Debug|Any CPU.Build.0 = Debug|Any CPU
		{8FAECF88-3555-46E6-9890-473073DFDE69}.Debug|x64.ActiveCfg = Debug|Any CPU
		{8FAECF88-3555-46E6-9890-473073DFDE69}.Debug|x64.Build.0 = Debug|Any CPU
		{8FAECF88-3555-46E6-9890-473073DFDE69}.Debug|x86.ActiveCfg = Debug|Any CPU
		{8FAECF88-3555-46E6-9890-473073DFDE69}.Debug|x86.Build.0 = Debug|Any CPU
		{8FAECF88-3555-46E6-9890-473073DFDE69}.Release|Any CPU.ActiveCfg = Release|Any CPU
		{8FAECF88-3555-46E6-9890-473073DFDE69}.Release|Any CPU.Build.0 = Release|Any CPU
		{8FAECF88-3555-46E6-9890-473073DFDE69}.Release|x64.ActiveCfg = Release|Any CPU
		{8FAECF88-3555-46E6-9890-473073DFDE69}.Release|x64.Build.0 = Release|Any CPU
		{8FAECF88-3555-46E6-9890-473073DFDE69}.Release|x86.ActiveCfg = Release|Any CPU
		{8FAECF88-3555-46E6-9890-473073DFDE69}.Release|x86.Build.0 = Release|Any CPU
		{FF97213D-F4F8-4239-9181-9BE80DECA950}.Debug|Any CPU.ActiveCfg = Debug|Any CPU
		{FF97213D-F4F8-4239-9181-9BE80DECA950}.Debug|Any CPU.Build.0 = Debug|Any CPU
		{FF97213D-F4F8-4239-9181-9BE80DECA950}.Debug|x64.ActiveCfg = Debug|Any CPU
		{FF97213D-F4F8-4239-9181-9BE80DECA950}.Debug|x64.Build.0 = Debug|Any CPU
		{FF97213D-F4F8-4239-9181-9BE80DECA950}.Debug|x86.ActiveCfg = Debug|Any CPU
		{FF97213D-F4F8-4239-9181-9BE80DECA950}.Debug|x86.Build.0 = Debug|Any CPU
		{FF97213D-F4F8-4239-9181-9BE80DECA950}.Release|Any CPU.ActiveCfg = Release|Any CPU
		{FF97213D-F4F8-4239-9181-9BE80DECA950}.Release|Any CPU.Build.0 = Release|Any CPU
		{FF97213D-F4F8-4239-9181-9BE80DECA950}.Release|x64.ActiveCfg = Release|Any CPU
		{FF97213D-F4F8-4239-9181-9BE80DECA950}.Release|x64.Build.0 = Release|Any CPU
		{FF97213D-F4F8-4239-9181-9BE80DECA950}.Release|x86.ActiveCfg = Release|Any CPU
		{FF97213D-F4F8-4239-9181-9BE80DECA950}.Release|x86.Build.0 = Release|Any CPU
		{C2BC9D79-087E-4C1E-B5E7-2C4132E70352}.Debug|Any CPU.ActiveCfg = Debug|Any CPU
		{C2BC9D79-087E-4C1E-B5E7-2C4132E70352}.Debug|Any CPU.Build.0 = Debug|Any CPU
		{C2BC9D79-087E-4C1E-B5E7-2C4132E70352}.Debug|x64.ActiveCfg = Debug|Any CPU
		{C2BC9D79-087E-4C1E-B5E7-2C4132E70352}.Debug|x64.Build.0 = Debug|Any CPU
		{C2BC9D79-087E-4C1E-B5E7-2C4132E70352}.Debug|x86.ActiveCfg = Debug|Any CPU
		{C2BC9D79-087E-4C1E-B5E7-2C4132E70352}.Debug|x86.Build.0 = Debug|Any CPU
		{C2BC9D79-087E-4C1E-B5E7-2C4132E70352}.Release|Any CPU.ActiveCfg = Release|Any CPU
		{C2BC9D79-087E-4C1E-B5E7-2C4132E70352}.Release|Any CPU.Build.0 = Release|Any CPU
		{C2BC9D79-087E-4C1E-B5E7-2C4132E70352}.Release|x64.ActiveCfg = Release|Any CPU
		{C2BC9D79-087E-4C1E-B5E7-2C4132E70352}.Release|x64.Build.0 = Release|Any CPU
		{C2BC9D79-087E-4C1E-B5E7-2C4132E70352}.Release|x86.ActiveCfg = Release|Any CPU
		{C2BC9D79-087E-4C1E-B5E7-2C4132E70352}.Release|x86.Build.0 = Release|Any CPU
		{546AEB7B-ADD7-4428-9A4D-EB563F9589E4}.Debug|Any CPU.ActiveCfg = Debug|Any CPU
		{546AEB7B-ADD7-4428-9A4D-EB563F9589E4}.Debug|Any CPU.Build.0 = Debug|Any CPU
		{546AEB7B-ADD7-4428-9A4D-EB563F9589E4}.Debug|x64.ActiveCfg = Debug|Any CPU
		{546AEB7B-ADD7-4428-9A4D-EB563F9589E4}.Debug|x64.Build.0 = Debug|Any CPU
		{546AEB7B-ADD7-4428-9A4D-EB563F9589E4}.Debug|x86.ActiveCfg = Debug|Any CPU
		{546AEB7B-ADD7-4428-9A4D-EB563F9589E4}.Debug|x86.Build.0 = Debug|Any CPU
		{546AEB7B-ADD7-4428-9A4D-EB563F9589E4}.Release|Any CPU.ActiveCfg = Release|Any CPU
		{546AEB7B-ADD7-4428-9A4D-EB563F9589E4}.Release|Any CPU.Build.0 = Release|Any CPU
		{546AEB7B-ADD7-4428-9A4D-EB563F9589E4}.Release|x64.ActiveCfg = Release|Any CPU
		{546AEB7B-ADD7-4428-9A4D-EB563F9589E4}.Release|x64.Build.0 = Release|Any CPU
		{546AEB7B-ADD7-4428-9A4D-EB563F9589E4}.Release|x86.ActiveCfg = Release|Any CPU
		{546AEB7B-ADD7-4428-9A4D-EB563F9589E4}.Release|x86.Build.0 = Release|Any CPU
		{1C300849-406C-47D9-A6F1-60170E9821E3}.Debug|Any CPU.ActiveCfg = Debug|Any CPU
		{1C300849-406C-47D9-A6F1-60170E9821E3}.Debug|Any CPU.Build.0 = Debug|Any CPU
		{1C300849-406C-47D9-A6F1-60170E9821E3}.Debug|x64.ActiveCfg = Debug|Any CPU
		{1C300849-406C-47D9-A6F1-60170E9821E3}.Debug|x64.Build.0 = Debug|Any CPU
		{1C300849-406C-47D9-A6F1-60170E9821E3}.Debug|x86.ActiveCfg = Debug|Any CPU
		{1C300849-406C-47D9-A6F1-60170E9821E3}.Debug|x86.Build.0 = Debug|Any CPU
		{1C300849-406C-47D9-A6F1-60170E9821E3}.Release|Any CPU.ActiveCfg = Release|Any CPU
		{1C300849-406C-47D9-A6F1-60170E9821E3}.Release|Any CPU.Build.0 = Release|Any CPU
		{1C300849-406C-47D9-A6F1-60170E9821E3}.Release|x64.ActiveCfg = Release|Any CPU
		{1C300849-406C-47D9-A6F1-60170E9821E3}.Release|x64.Build.0 = Release|Any CPU
		{1C300849-406C-47D9-A6F1-60170E9821E3}.Release|x86.ActiveCfg = Release|Any CPU
		{1C300849-406C-47D9-A6F1-60170E9821E3}.Release|x86.Build.0 = Release|Any CPU
		{8B7F3BC2-9A75-4699-8C4B-00EE7F2B7FB4}.Debug|Any CPU.ActiveCfg = Debug|Any CPU
		{8B7F3BC2-9A75-4699-8C4B-00EE7F2B7FB4}.Debug|Any CPU.Build.0 = Debug|Any CPU
		{8B7F3BC2-9A75-4699-8C4B-00EE7F2B7FB4}.Debug|x64.ActiveCfg = Debug|Any CPU
		{8B7F3BC2-9A75-4699-8C4B-00EE7F2B7FB4}.Debug|x64.Build.0 = Debug|Any CPU
		{8B7F3BC2-9A75-4699-8C4B-00EE7F2B7FB4}.Debug|x86.ActiveCfg = Debug|Any CPU
		{8B7F3BC2-9A75-4699-8C4B-00EE7F2B7FB4}.Debug|x86.Build.0 = Debug|Any CPU
		{8B7F3BC2-9A75-4699-8C4B-00EE7F2B7FB4}.Release|Any CPU.ActiveCfg = Release|Any CPU
		{8B7F3BC2-9A75-4699-8C4B-00EE7F2B7FB4}.Release|Any CPU.Build.0 = Release|Any CPU
		{8B7F3BC2-9A75-4699-8C4B-00EE7F2B7FB4}.Release|x64.ActiveCfg = Release|Any CPU
		{8B7F3BC2-9A75-4699-8C4B-00EE7F2B7FB4}.Release|x64.Build.0 = Release|Any CPU
		{8B7F3BC2-9A75-4699-8C4B-00EE7F2B7FB4}.Release|x86.ActiveCfg = Release|Any CPU
		{8B7F3BC2-9A75-4699-8C4B-00EE7F2B7FB4}.Release|x86.Build.0 = Release|Any CPU
	EndGlobalSection
	GlobalSection(SolutionProperties) = preSolution
		HideSolutionNode = FALSE
	EndGlobalSection
	GlobalSection(NestedProjects) = preSolution
		{A43B5516-8E71-4B72-A748-3230BA1765F1} = {FBB25CBE-7CEB-4DB5-A1F6-A25699682975}
		{E0BC4A78-A7BE-43AF-80A1-BC4F48291FAF} = {50B71979-073A-48E2-8A50-F97807A69D90}
		{BB95A276-390A-4B6D-8292-72A63471299F} = {50B71979-073A-48E2-8A50-F97807A69D90}
		{BADC38A7-28BB-4FFE-8917-4935E4751E20} = {2DBC82A3-FC3D-47BF-9A0F-F02A21DC817E}
		{5DBB1233-12B5-43F2-B3F1-42E17EDF4B00} = {0AB7FCEF-0AB5-408B-989A-968EE137F511}
		{8FAECF88-3555-46E6-9890-473073DFDE69} = {0AB7FCEF-0AB5-408B-989A-968EE137F511}
		{FF97213D-F4F8-4239-9181-9BE80DECA950} = {2DBC82A3-FC3D-47BF-9A0F-F02A21DC817E}
		{C2BC9D79-087E-4C1E-B5E7-2C4132E70352} = {2DBC82A3-FC3D-47BF-9A0F-F02A21DC817E}
		{546AEB7B-ADD7-4428-9A4D-EB563F9589E4} = {2DBC82A3-FC3D-47BF-9A0F-F02A21DC817E}
		{0EA25D4A-510C-49CF-A9DC-0B99B7C94CB0} = {2DBC82A3-FC3D-47BF-9A0F-F02A21DC817E}
		{1C300849-406C-47D9-A6F1-60170E9821E3} = {0EA25D4A-510C-49CF-A9DC-0B99B7C94CB0}
		{8B7F3BC2-9A75-4699-8C4B-00EE7F2B7FB4} = {0EA25D4A-510C-49CF-A9DC-0B99B7C94CB0}
	EndGlobalSection
EndGlobal
